// !$*UTF8*$!
{
	archiveVersion = 1;
	classes = {
	};
	objectVersion = 52;
	objects = {

/* Begin PBXBuildFile section */
		27FB5CD624246DD900E1E497 /* main.swift in Sources */ = {isa = PBXBuildFile; fileRef = 27FB5CD524246DD900E1E497 /* main.swift */; };
		27FB5CDE24246E4900E1E497 /* ArgumentParser in Frameworks */ = {isa = PBXBuildFile; productRef = 27FB5CDD24246E4900E1E497 /* ArgumentParser */; };
		27FB5CE024253C8800E1E497 /* Macro.swift in Sources */ = {isa = PBXBuildFile; fileRef = 27FB5CDF24253C8800E1E497 /* Macro.swift */; };
		27FB5CE2242546E100E1E497 /* Group.swift in Sources */ = {isa = PBXBuildFile; fileRef = 27FB5CE1242546E100E1E497 /* Group.swift */; };
		27FB5CE42425570300E1E497 /* Variable.swift in Sources */ = {isa = PBXBuildFile; fileRef = 27FB5CE32425570300E1E497 /* Variable.swift */; };
		27FB5CE72425574A00E1E497 /* SQLite in Frameworks */ = {isa = PBXBuildFile; productRef = 27FB5CE62425574A00E1E497 /* SQLite */; };
		27FB5CE92425747E00E1E497 /* String.swift in Sources */ = {isa = PBXBuildFile; fileRef = 27FB5CE82425747E00E1E497 /* String.swift */; };
/* End PBXBuildFile section */

/* Begin PBXCopyFilesBuildPhase section */
		27FB5CD024246DD900E1E497 /* CopyFiles */ = {
			isa = PBXCopyFilesBuildPhase;
			buildActionMask = 2147483647;
			dstPath = /usr/share/man/man1/;
			dstSubfolderSpec = 0;
			files = (
			);
			runOnlyForDeploymentPostprocessing = 1;
		};
/* End PBXCopyFilesBuildPhase section */

/* Begin PBXFileReference section */
		27FB5CD224246DD900E1E497 /* km */ = {isa = PBXFileReference; explicitFileType = "compiled.mach-o.executable"; includeInIndex = 0; path = km; sourceTree = BUILT_PRODUCTS_DIR; };
		27FB5CD524246DD900E1E497 /* main.swift */ = {isa = PBXFileReference; lastKnownFileType = sourcecode.swift; path = main.swift; sourceTree = "<group>"; };
		27FB5CDF24253C8800E1E497 /* Macro.swift */ = {isa = PBXFileReference; lastKnownFileType = sourcecode.swift; path = Macro.swift; sourceTree = "<group>"; };
		27FB5CE1242546E100E1E497 /* Group.swift */ = {isa = PBXFileReference; lastKnownFileType = sourcecode.swift; path = Group.swift; sourceTree = "<group>"; };
		27FB5CE32425570300E1E497 /* Variable.swift */ = {isa = PBXFileReference; lastKnownFileType = sourcecode.swift; path = Variable.swift; sourceTree = "<group>"; };
		27FB5CE82425747E00E1E497 /* String.swift */ = {isa = PBXFileReference; lastKnownFileType = sourcecode.swift; path = String.swift; sourceTree = "<group>"; };
/* End PBXFileReference section */

/* Begin PBXFrameworksBuildPhase section */
		27FB5CCF24246DD900E1E497 /* Frameworks */ = {
			isa = PBXFrameworksBuildPhase;
			buildActionMask = 2147483647;
			files = (
				27FB5CE72425574A00E1E497 /* SQLite in Frameworks */,
				27FB5CDE24246E4900E1E497 /* ArgumentParser in Frameworks */,
			);
			runOnlyForDeploymentPostprocessing = 0;
		};
/* End PBXFrameworksBuildPhase section */

/* Begin PBXGroup section */
		27FB5CC924246DD900E1E497 = {
			isa = PBXGroup;
			children = (
				27FB5CD424246DD900E1E497 /* KeyboardMaestroCLI */,
				27FB5CD324246DD900E1E497 /* Products */,
			);
			sourceTree = "<group>";
		};
		27FB5CD324246DD900E1E497 /* Products */ = {
			isa = PBXGroup;
			children = (
				27FB5CD224246DD900E1E497 /* km */,
			);
			name = Products;
			sourceTree = "<group>";
		};
		27FB5CD424246DD900E1E497 /* KeyboardMaestroCLI */ = {
			isa = PBXGroup;
			children = (
				27FB5CD524246DD900E1E497 /* main.swift */,
				27FB5CE82425747E00E1E497 /* String.swift */,
				27FB5CDF24253C8800E1E497 /* Macro.swift */,
				27FB5CE1242546E100E1E497 /* Group.swift */,
				27FB5CE32425570300E1E497 /* Variable.swift */,
			);
			path = KeyboardMaestroCLI;
			sourceTree = "<group>";
		};
/* End PBXGroup section */

/* Begin PBXNativeTarget section */
		27FB5CD124246DD900E1E497 /* KeyboardMaestroCLI */ = {
			isa = PBXNativeTarget;
			buildConfigurationList = 27FB5CD924246DD900E1E497 /* Build configuration list for PBXNativeTarget "KeyboardMaestroCLI" */;
			buildPhases = (
				27FB5CCE24246DD900E1E497 /* Sources */,
				27FB5CCF24246DD900E1E497 /* Frameworks */,
				27FB5CD024246DD900E1E497 /* CopyFiles */,
			);
			buildRules = (
			);
			dependencies = (
			);
			name = KeyboardMaestroCLI;
			packageProductDependencies = (
				27FB5CDD24246E4900E1E497 /* ArgumentParser */,
				27FB5CE62425574A00E1E497 /* SQLite */,
			);
			productName = KeyboardMaestroCLI;
			productReference = 27FB5CD224246DD900E1E497 /* km */;
			productType = "com.apple.product-type.tool";
		};
/* End PBXNativeTarget section */

/* Begin PBXProject section */
		27FB5CCA24246DD900E1E497 /* Project object */ = {
			isa = PBXProject;
			attributes = {
				LastSwiftUpdateCheck = 1130;
				LastUpgradeCheck = 1130;
				ORGANIZATIONNAME = "Kyle Carson";
				TargetAttributes = {
					27FB5CD124246DD900E1E497 = {
						CreatedOnToolsVersion = 11.3.1;
					};
				};
			};
			buildConfigurationList = 27FB5CCD24246DD900E1E497 /* Build configuration list for PBXProject "KeyboardMaestroCLI" */;
			compatibilityVersion = "Xcode 9.3";
			developmentRegion = en;
			hasScannedForEncodings = 0;
			knownRegions = (
				en,
				Base,
			);
			mainGroup = 27FB5CC924246DD900E1E497;
			packageReferences = (
				27FB5CDC24246E4900E1E497 /* XCRemoteSwiftPackageReference "swift-argument-parser" */,
				27FB5CE52425574A00E1E497 /* XCRemoteSwiftPackageReference "SQLite" */,
			);
			productRefGroup = 27FB5CD324246DD900E1E497 /* Products */;
			projectDirPath = "";
			projectRoot = "";
			targets = (
				27FB5CD124246DD900E1E497 /* KeyboardMaestroCLI */,
			);
		};
/* End PBXProject section */

/* Begin PBXSourcesBuildPhase section */
		27FB5CCE24246DD900E1E497 /* Sources */ = {
			isa = PBXSourcesBuildPhase;
			buildActionMask = 2147483647;
			files = (
				27FB5CE2242546E100E1E497 /* Group.swift in Sources */,
				27FB5CE024253C8800E1E497 /* Macro.swift in Sources */,
				27FB5CE92425747E00E1E497 /* String.swift in Sources */,
				27FB5CD624246DD900E1E497 /* main.swift in Sources */,
				27FB5CE42425570300E1E497 /* Variable.swift in Sources */,
			);
			runOnlyForDeploymentPostprocessing = 0;
		};
/* End PBXSourcesBuildPhase section */

/* Begin XCBuildConfiguration section */
		27FB5CD724246DD900E1E497 /* Debug */ = {
			isa = XCBuildConfiguration;
			buildSettings = {
				ALWAYS_SEARCH_USER_PATHS = NO;
				CLANG_ANALYZER_NONNULL = YES;
				CLANG_ANALYZER_NUMBER_OBJECT_CONVERSION = YES_AGGRESSIVE;
				CLANG_CXX_LANGUAGE_STANDARD = "gnu++14";
				CLANG_CXX_LIBRARY = "libc++";
				CLANG_ENABLE_MODULES = YES;
				CLANG_ENABLE_OBJC_ARC = YES;
				CLANG_ENABLE_OBJC_WEAK = YES;
				CLANG_WARN_BLOCK_CAPTURE_AUTORELEASING = YES;
				CLANG_WARN_BOOL_CONVERSION = YES;
				CLANG_WARN_COMMA = YES;
				CLANG_WARN_CONSTANT_CONVERSION = YES;
				CLANG_WARN_DEPRECATED_OBJC_IMPLEMENTATIONS = YES;
				CLANG_WARN_DIRECT_OBJC_ISA_USAGE = YES_ERROR;
				CLANG_WARN_DOCUMENTATION_COMMENTS = YES;
				CLANG_WARN_EMPTY_BODY = YES;
				CLANG_WARN_ENUM_CONVERSION = YES;
				CLANG_WARN_INFINITE_RECURSION = YES;
				CLANG_WARN_INT_CONVERSION = YES;
				CLANG_WARN_NON_LITERAL_NULL_CONVERSION = YES;
				CLANG_WARN_OBJC_IMPLICIT_RETAIN_SELF = YES;
				CLANG_WARN_OBJC_LITERAL_CONVERSION = YES;
				CLANG_WARN_OBJC_ROOT_CLASS = YES_ERROR;
				CLANG_WARN_RANGE_LOOP_ANALYSIS = YES;
				CLANG_WARN_STRICT_PROTOTYPES = YES;
				CLANG_WARN_SUSPICIOUS_MOVE = YES;
				CLANG_WARN_UNGUARDED_AVAILABILITY = YES_AGGRESSIVE;
				CLANG_WARN_UNREACHABLE_CODE = YES;
				CLANG_WARN__DUPLICATE_METHOD_MATCH = YES;
				COPY_PHASE_STRIP = NO;
				DEBUG_INFORMATION_FORMAT = dwarf;
				ENABLE_STRICT_OBJC_MSGSEND = YES;
				ENABLE_TESTABILITY = YES;
				GCC_C_LANGUAGE_STANDARD = gnu11;
				GCC_DYNAMIC_NO_PIC = NO;
				GCC_NO_COMMON_BLOCKS = YES;
				GCC_OPTIMIZATION_LEVEL = 0;
				GCC_PREPROCESSOR_DEFINITIONS = (
					"DEBUG=1",
					"$(inherited)",
				);
				GCC_WARN_64_TO_32_BIT_CONVERSION = YES;
				GCC_WARN_ABOUT_RETURN_TYPE = YES_ERROR;
				GCC_WARN_UNDECLARED_SELECTOR = YES;
				GCC_WARN_UNINITIALIZED_AUTOS = YES_AGGRESSIVE;
				GCC_WARN_UNUSED_FUNCTION = YES;
				GCC_WARN_UNUSED_VARIABLE = YES;
				MACOSX_DEPLOYMENT_TARGET = 10.10;
				MTL_ENABLE_DEBUG_INFO = INCLUDE_SOURCE;
				MTL_FAST_MATH = YES;
				ONLY_ACTIVE_ARCH = YES;
				SDKROOT = macosx;
				SWIFT_ACTIVE_COMPILATION_CONDITIONS = DEBUG;
				SWIFT_OPTIMIZATION_LEVEL = "-Onone";
			};
			name = Debug;
		};
		27FB5CD824246DD900E1E497 /* Release */ = {
			isa = XCBuildConfiguration;
			buildSettings = {
				ALWAYS_SEARCH_USER_PATHS = NO;
				CLANG_ANALYZER_NONNULL = YES;
				CLANG_ANALYZER_NUMBER_OBJECT_CONVERSION = YES_AGGRESSIVE;
				CLANG_CXX_LANGUAGE_STANDARD = "gnu++14";
				CLANG_CXX_LIBRARY = "libc++";
				CLANG_ENABLE_MODULES = YES;
				CLANG_ENABLE_OBJC_ARC = YES;
				CLANG_ENABLE_OBJC_WEAK = YES;
				CLANG_WARN_BLOCK_CAPTURE_AUTORELEASING = YES;
				CLANG_WARN_BOOL_CONVERSION = YES;
				CLANG_WARN_COMMA = YES;
				CLANG_WARN_CONSTANT_CONVERSION = YES;
				CLANG_WARN_DEPRECATED_OBJC_IMPLEMENTATIONS = YES;
				CLANG_WARN_DIRECT_OBJC_ISA_USAGE = YES_ERROR;
				CLANG_WARN_DOCUMENTATION_COMMENTS = YES;
				CLANG_WARN_EMPTY_BODY = YES;
				CLANG_WARN_ENUM_CONVERSION = YES;
				CLANG_WARN_INFINITE_RECURSION = YES;
				CLANG_WARN_INT_CONVERSION = YES;
				CLANG_WARN_NON_LITERAL_NULL_CONVERSION = YES;
				CLANG_WARN_OBJC_IMPLICIT_RETAIN_SELF = YES;
				CLANG_WARN_OBJC_LITERAL_CONVERSION = YES;
				CLANG_WARN_OBJC_ROOT_CLASS = YES_ERROR;
				CLANG_WARN_RANGE_LOOP_ANALYSIS = YES;
				CLANG_WARN_STRICT_PROTOTYPES = YES;
				CLANG_WARN_SUSPICIOUS_MOVE = YES;
				CLANG_WARN_UNGUARDED_AVAILABILITY = YES_AGGRESSIVE;
				CLANG_WARN_UNREACHABLE_CODE = YES;
				CLANG_WARN__DUPLICATE_METHOD_MATCH = YES;
				COPY_PHASE_STRIP = NO;
				DEBUG_INFORMATION_FORMAT = "dwarf-with-dsym";
				ENABLE_NS_ASSERTIONS = NO;
				ENABLE_STRICT_OBJC_MSGSEND = YES;
				GCC_C_LANGUAGE_STANDARD = gnu11;
				GCC_NO_COMMON_BLOCKS = YES;
				GCC_WARN_64_TO_32_BIT_CONVERSION = YES;
				GCC_WARN_ABOUT_RETURN_TYPE = YES_ERROR;
				GCC_WARN_UNDECLARED_SELECTOR = YES;
				GCC_WARN_UNINITIALIZED_AUTOS = YES_AGGRESSIVE;
				GCC_WARN_UNUSED_FUNCTION = YES;
				GCC_WARN_UNUSED_VARIABLE = YES;
				MACOSX_DEPLOYMENT_TARGET = 10.10;
				MTL_ENABLE_DEBUG_INFO = NO;
				MTL_FAST_MATH = YES;
				SDKROOT = macosx;
				SWIFT_COMPILATION_MODE = wholemodule;
				SWIFT_OPTIMIZATION_LEVEL = "-O";
			};
			name = Release;
		};
		27FB5CDA24246DD900E1E497 /* Debug */ = {
			isa = XCBuildConfiguration;
			buildSettings = {
				CODE_SIGN_STYLE = Automatic;
				DEVELOPMENT_TEAM = T9DT544S5L;
				ENABLE_HARDENED_RUNTIME = YES;
				PRODUCT_NAME = km;
				SWIFT_VERSION = 5.0;
			};
			name = Debug;
		};
		27FB5CDB24246DD900E1E497 /* Release */ = {
			isa = XCBuildConfiguration;
			buildSettings = {
				CODE_SIGN_STYLE = Automatic;
				DEVELOPMENT_TEAM = T9DT544S5L;
				ENABLE_HARDENED_RUNTIME = YES;
				PRODUCT_NAME = km;
				SWIFT_VERSION = 5.0;
			};
			name = Release;
		};
/* End XCBuildConfiguration section */

/* Begin XCConfigurationList section */
		27FB5CCD24246DD900E1E497 /* Build configuration list for PBXProject "KeyboardMaestroCLI" */ = {
			isa = XCConfigurationList;
			buildConfigurations = (
				27FB5CD724246DD900E1E497 /* Debug */,
				27FB5CD824246DD900E1E497 /* Release */,
			);
			defaultConfigurationIsVisible = 0;
			defaultConfigurationName = Release;
		};
		27FB5CD924246DD900E1E497 /* Build configuration list for PBXNativeTarget "KeyboardMaestroCLI" */ = {
			isa = XCConfigurationList;
			buildConfigurations = (
				27FB5CDA24246DD900E1E497 /* Debug */,
				27FB5CDB24246DD900E1E497 /* Release */,
			);
			defaultConfigurationIsVisible = 0;
			defaultConfigurationName = Release;
		};
/* End XCConfigurationList section */

/* Begin XCRemoteSwiftPackageReference section */
		27FB5CDC24246E4900E1E497 /* XCRemoteSwiftPackageReference "swift-argument-parser" */ = {
			isa = XCRemoteSwiftPackageReference;
			repositoryURL = "https://github.com/apple/swift-argument-parser";
			requirement = {
				kind = upToNextMinorVersion;
				minimumVersion = 0.0.2;
			};
		};
		27FB5CE52425574A00E1E497 /* XCRemoteSwiftPackageReference "SQLite" */ = {
			isa = XCRemoteSwiftPackageReference;
			repositoryURL = "https://github.com/stephencelis/SQLite.swift";
			requirement = {
				kind = upToNextMajorVersion;
				minimumVersion = 0.12.2;
			};
		};
/* End XCRemoteSwiftPackageReference section */

/* Begin XCSwiftPackageProductDependency section */
		27FB5CDD24246E4900E1E497 /* ArgumentParser */ = {
			isa = XCSwiftPackageProductDependency;
			package = 27FB5CDC24246E4900E1E497 /* XCRemoteSwiftPackageReference "swift-argument-parser" */;
			productName = ArgumentParser;
		};
		27FB5CE62425574A00E1E497 /* SQLite */ = {
			isa = XCSwiftPackageProductDependency;
			package = 27FB5CE52425574A00E1E497 /* XCRemoteSwiftPackageReference "SQLite" */;
			productName = SQLite;
		};
/* End XCSwiftPackageProductDependency section */
	};
	rootObject = 27FB5CCA24246DD900E1E497 /* Project object */;
}
